
Microsoft Visual Studio Solution File, Format Version 12.00
# Visual Studio Version 17
VisualStudioVersion = 17.8.34330.188
MinimumVisualStudioVersion = 10.0.40219.1
Project("{2150E333-8FDC-42A3-9474-1A3956D46DE8}") = "src", "src", "{2057FDA1-F425-4696-9A56-6B5DBC2BA6DE}"
EndProject
Project("{2150E333-8FDC-42A3-9474-1A3956D46DE8}") = "tests", "tests", "{89E14ABD-C1AF-4E19-8E4B-5A54DC3FEAC5}"
EndProject
Project("{2150E333-8FDC-42A3-9474-1A3956D46DE8}") = "publish", "publish", "{3F519B48-3BEE-494F-A873-D38741137899}"
EndProject
Project("{9A19103F-16F7-4668-BE54-9A1E7A4F7556}") = "RevitSolutionTemplate.Core", "src\RevitSolutionTemplate.Core\RevitSolutionTemplate.Core.csproj", "{DA54A91D-6004-4E1E-B5E3-B3119A55178B}"
EndProject
Project("{9A19103F-16F7-4668-BE54-9A1E7A4F7556}") = "RevitSolutionTemplate.Application", "src\RevitSolutionTemplate.Application\RevitSolutionTemplate.Application.csproj", "{4C7C377F-9F88-4795-824A-6C4F719DE6EF}"
EndProject
Project("{2150E333-8FDC-42A3-9474-1A3956D46DE8}") = "commands", "commands", "{432B4855-3FD5-4ACB-8A85-841350C93B8E}"
EndProject
Project("{9A19103F-16F7-4668-BE54-9A1E7A4F7556}") = "RevitSolutionTemplate.RevitCommand", "commands\RevitSolutionTemplate.Command\RevitSolutionTemplate.RevitCommand.csproj", "{88966926-2A7A-420C-A85E-06DF39D2C51F}"
EndProject
Project("{9A19103F-16F7-4668-BE54-9A1E7A4F7556}") = "RevitSolutionTemplate.Core.Tests.Integration", "tests\RevitSolutionTemplate.Core.Tests.Integration\RevitSolutionTemplate.Core.Tests.Integration.csproj", "{A39F0A92-A7F6-474D-A829-FEEAC523A538}"
EndProject
Project("{9A19103F-16F7-4668-BE54-9A1E7A4F7556}") = "Installer", "publish\Installer\Installer.csproj", "{4C60A5C1-C441-4BAB-A010-985958955EC3}"
EndProject
Project("{9A19103F-16F7-4668-BE54-9A1E7A4F7556}") = "Build", "publish\Build\Build.csproj", "{CFD55BBC-B0DB-426A-9F52-9B3FA4B3B158}"
EndProject
Global
	GlobalSection(SolutionConfigurationPlatforms) = preSolution
		Debug 2020|Any CPU = Debug 2020|Any CPU
		Debug 2021|Any CPU = Debug 2021|Any CPU
		Debug 2022|Any CPU = Debug 2022|Any CPU
		Debug 2023|Any CPU = Debug 2023|Any CPU
		Debug 2024|Any CPU = Debug 2024|Any CPU
		Release 2020|Any CPU = Release 2020|Any CPU
		Release 2021|Any CPU = Release 2021|Any CPU
		Release 2022|Any CPU = Release 2022|Any CPU
		Release 2023|Any CPU = Release 2023|Any CPU
		Release 2024|Any CPU = Release 2024|Any CPU
	EndGlobalSection
	GlobalSection(ProjectConfigurationPlatforms) = postSolution
		{DA54A91D-6004-4E1E-B5E3-B3119A55178B}.Debug 2020|Any CPU.ActiveCfg = Debug 2020|Any CPU
		{DA54A91D-6004-4E1E-B5E3-B3119A55178B}.Debug 2020|Any CPU.Build.0 = Debug 2020|Any CPU
		{DA54A91D-6004-4E1E-B5E3-B3119A55178B}.Debug 2021|Any CPU.ActiveCfg = Debug 2021|Any CPU
		{DA54A91D-6004-4E1E-B5E3-B3119A55178B}.Debug 2021|Any CPU.Build.0 = Debug 2021|Any CPU
		{DA54A91D-6004-4E1E-B5E3-B3119A55178B}.Debug 2022|Any CPU.ActiveCfg = Debug 2022|Any CPU
		{DA54A91D-6004-4E1E-B5E3-B3119A55178B}.Debug 2022|Any CPU.Build.0 = Debug 2022|Any CPU
		{DA54A91D-6004-4E1E-B5E3-B3119A55178B}.Debug 2023|Any CPU.ActiveCfg = Debug 2023|Any CPU
		{DA54A91D-6004-4E1E-B5E3-B3119A55178B}.Debug 2023|Any CPU.Build.0 = Debug 2023|Any CPU
		{DA54A91D-6004-4E1E-B5E3-B3119A55178B}.Debug 2024|Any CPU.ActiveCfg = Debug 2024|Any CPU
		{DA54A91D-6004-4E1E-B5E3-B3119A55178B}.Debug 2024|Any CPU.Build.0 = Debug 2024|Any CPU
		{DA54A91D-6004-4E1E-B5E3-B3119A55178B}.Release 2020|Any CPU.ActiveCfg = Release 2020|Any CPU
		{DA54A91D-6004-4E1E-B5E3-B3119A55178B}.Release 2020|Any CPU.Build.0 = Release 2020|Any CPU
		{DA54A91D-6004-4E1E-B5E3-B3119A55178B}.Release 2021|Any CPU.ActiveCfg = Release 2021|Any CPU
		{DA54A91D-6004-4E1E-B5E3-B3119A55178B}.Release 2021|Any CPU.Build.0 = Release 2021|Any CPU
		{DA54A91D-6004-4E1E-B5E3-B3119A55178B}.Release 2022|Any CPU.ActiveCfg = Release 2022|Any CPU
		{DA54A91D-6004-4E1E-B5E3-B3119A55178B}.Release 2022|Any CPU.Build.0 = Release 2022|Any CPU
		{DA54A91D-6004-4E1E-B5E3-B3119A55178B}.Release 2023|Any CPU.ActiveCfg = Release 2023|Any CPU
		{DA54A91D-6004-4E1E-B5E3-B3119A55178B}.Release 2023|Any CPU.Build.0 = Release 2023|Any CPU
		{DA54A91D-6004-4E1E-B5E3-B3119A55178B}.Release 2024|Any CPU.ActiveCfg = Release 2024|Any CPU
		{DA54A91D-6004-4E1E-B5E3-B3119A55178B}.Release 2024|Any CPU.Build.0 = Release 2024|Any CPU
		{4C7C377F-9F88-4795-824A-6C4F719DE6EF}.Debug 2020|Any CPU.ActiveCfg = Debug 2020|Any CPU
		{4C7C377F-9F88-4795-824A-6C4F719DE6EF}.Debug 2020|Any CPU.Build.0 = Debug 2020|Any CPU
		{4C7C377F-9F88-4795-824A-6C4F719DE6EF}.Debug 2021|Any CPU.ActiveCfg = Debug 2021|Any CPU
		{4C7C377F-9F88-4795-824A-6C4F719DE6EF}.Debug 2021|Any CPU.Build.0 = Debug 2021|Any CPU
		{4C7C377F-9F88-4795-824A-6C4F719DE6EF}.Debug 2022|Any CPU.ActiveCfg = Debug 2022|Any CPU
		{4C7C377F-9F88-4795-824A-6C4F719DE6EF}.Debug 2022|Any CPU.Build.0 = Debug 2022|Any CPU
		{4C7C377F-9F88-4795-824A-6C4F719DE6EF}.Debug 2023|Any CPU.ActiveCfg = Debug 2023|Any CPU
		{4C7C377F-9F88-4795-824A-6C4F719DE6EF}.Debug 2023|Any CPU.Build.0 = Debug 2023|Any CPU
		{4C7C377F-9F88-4795-824A-6C4F719DE6EF}.Debug 2024|Any CPU.ActiveCfg = Debug 2024|Any CPU
		{4C7C377F-9F88-4795-824A-6C4F719DE6EF}.Debug 2024|Any CPU.Build.0 = Debug 2024|Any CPU
		{4C7C377F-9F88-4795-824A-6C4F719DE6EF}.Release 2020|Any CPU.ActiveCfg = Release 2020|Any CPU
		{4C7C377F-9F88-4795-824A-6C4F719DE6EF}.Release 2020|Any CPU.Build.0 = Release 2020|Any CPU
		{4C7C377F-9F88-4795-824A-6C4F719DE6EF}.Release 2021|Any CPU.ActiveCfg = Release 2021|Any CPU
		{4C7C377F-9F88-4795-824A-6C4F719DE6EF}.Release 2021|Any CPU.Build.0 = Release 2021|Any CPU
		{4C7C377F-9F88-4795-824A-6C4F719DE6EF}.Release 2022|Any CPU.ActiveCfg = Release 2022|Any CPU
		{4C7C377F-9F88-4795-824A-6C4F719DE6EF}.Release 2022|Any CPU.Build.0 = Release 2022|Any CPU
		{4C7C377F-9F88-4795-824A-6C4F719DE6EF}.Release 2023|Any CPU.ActiveCfg = Release 2023|Any CPU
		{4C7C377F-9F88-4795-824A-6C4F719DE6EF}.Release 2023|Any CPU.Build.0 = Release 2023|Any CPU
		{4C7C377F-9F88-4795-824A-6C4F719DE6EF}.Release 2024|Any CPU.ActiveCfg = Release 2024|Any CPU
		{4C7C377F-9F88-4795-824A-6C4F719DE6EF}.Release 2024|Any CPU.Build.0 = Release 2024|Any CPU
		{88966926-2A7A-420C-A85E-06DF39D2C51F}.Debug 2020|Any CPU.ActiveCfg = Debug 2020|Any CPU
		{88966926-2A7A-420C-A85E-06DF39D2C51F}.Debug 2020|Any CPU.Build.0 = Debug 2020|Any CPU
		{88966926-2A7A-420C-A85E-06DF39D2C51F}.Debug 2021|Any CPU.ActiveCfg = Debug 2021|Any CPU
		{88966926-2A7A-420C-A85E-06DF39D2C51F}.Debug 2021|Any CPU.Build.0 = Debug 2021|Any CPU
		{88966926-2A7A-420C-A85E-06DF39D2C51F}.Debug 2022|Any CPU.ActiveCfg = Debug 2022|Any CPU
		{88966926-2A7A-420C-A85E-06DF39D2C51F}.Debug 2022|Any CPU.Build.0 = Debug 2022|Any CPU
		{88966926-2A7A-420C-A85E-06DF39D2C51F}.Debug 2023|Any CPU.ActiveCfg = Debug 2023|Any CPU
		{88966926-2A7A-420C-A85E-06DF39D2C51F}.Debug 2023|Any CPU.Build.0 = Debug 2023|Any CPU
		{88966926-2A7A-420C-A85E-06DF39D2C51F}.Debug 2024|Any CPU.ActiveCfg = Debug 2024|Any CPU
		{88966926-2A7A-420C-A85E-06DF39D2C51F}.Debug 2024|Any CPU.Build.0 = Debug 2024|Any CPU
		{88966926-2A7A-420C-A85E-06DF39D2C51F}.Release 2020|Any CPU.ActiveCfg = Release 2020|Any CPU
		{88966926-2A7A-420C-A85E-06DF39D2C51F}.Release 2020|Any CPU.Build.0 = Release 2020|Any CPU
		{88966926-2A7A-420C-A85E-06DF39D2C51F}.Release 2021|Any CPU.ActiveCfg = Release 2021|Any CPU
		{88966926-2A7A-420C-A85E-06DF39D2C51F}.Release 2021|Any CPU.Build.0 = Release 2021|Any CPU
		{88966926-2A7A-420C-A85E-06DF39D2C51F}.Release 2022|Any CPU.ActiveCfg = Release 2022|Any CPU
		{88966926-2A7A-420C-A85E-06DF39D2C51F}.Release 2022|Any CPU.Build.0 = Release 2022|Any CPU
		{88966926-2A7A-420C-A85E-06DF39D2C51F}.Release 2023|Any CPU.ActiveCfg = Release 2023|Any CPU
		{88966926-2A7A-420C-A85E-06DF39D2C51F}.Release 2023|Any CPU.Build.0 = Release 2023|Any CPU
		{88966926-2A7A-420C-A85E-06DF39D2C51F}.Release 2024|Any CPU.ActiveCfg = Release 2024|Any CPU
		{88966926-2A7A-420C-A85E-06DF39D2C51F}.Release 2024|Any CPU.Build.0 = Release 2024|Any CPU
		{A39F0A92-A7F6-474D-A829-FEEAC523A538}.Debug 2020|Any CPU.ActiveCfg = Debug 2020|Any CPU
		{A39F0A92-A7F6-474D-A829-FEEAC523A538}.Debug 2021|Any CPU.ActiveCfg = Debug 2021|Any CPU
		{A39F0A92-A7F6-474D-A829-FEEAC523A538}.Debug 2022|Any CPU.ActiveCfg = Debug 2022|Any CPU
		{A39F0A92-A7F6-474D-A829-FEEAC523A538}.Debug 2023|Any CPU.ActiveCfg = Debug 2023|Any CPU
		{A39F0A92-A7F6-474D-A829-FEEAC523A538}.Debug 2024|Any CPU.ActiveCfg = Debug 2024|Any CPU
		{A39F0A92-A7F6-474D-A829-FEEAC523A538}.Release 2020|Any CPU.ActiveCfg = Release 2020|Any CPU
		{A39F0A92-A7F6-474D-A829-FEEAC523A538}.Release 2021|Any CPU.ActiveCfg = Release 2021|Any CPU
		{A39F0A92-A7F6-474D-A829-FEEAC523A538}.Release 2022|Any CPU.ActiveCfg = Release 2022|Any CPU
		{A39F0A92-A7F6-474D-A829-FEEAC523A538}.Release 2023|Any CPU.ActiveCfg = Release 2023|Any CPU
		{A39F0A92-A7F6-474D-A829-FEEAC523A538}.Release 2024|Any CPU.ActiveCfg = Release 2024|Any CPU
		{4C60A5C1-C441-4BAB-A010-985958955EC3}.Debug 2020|Any CPU.ActiveCfg = Debug|Any CPU
		{4C60A5C1-C441-4BAB-A010-985958955EC3}.Debug 2021|Any CPU.ActiveCfg = Debug|Any CPU
		{4C60A5C1-C441-4BAB-A010-985958955EC3}.Debug 2022|Any CPU.ActiveCfg = Debug|Any CPU
		{4C60A5C1-C441-4BAB-A010-985958955EC3}.Debug 2023|Any CPU.ActiveCfg = Debug|Any CPU
		{4C60A5C1-C441-4BAB-A010-985958955EC3}.Debug 2024|Any CPU.ActiveCfg = Debug|Any CPU
		{4C60A5C1-C441-4BAB-A010-985958955EC3}.Release 2020|Any CPU.ActiveCfg = Release|Any CPU
		{4C60A5C1-C441-4BAB-A010-985958955EC3}.Release 2020|Any CPU.Build.0 = Release|Any CPU
		{4C60A5C1-C441-4BAB-A010-985958955EC3}.Release 2021|Any CPU.ActiveCfg = Release|Any CPU
		{4C60A5C1-C441-4BAB-A010-985958955EC3}.Release 2021|Any CPU.Build.0 = Release|Any CPU
		{4C60A5C1-C441-4BAB-A010-985958955EC3}.Release 2022|Any CPU.ActiveCfg = Release|Any CPU
		{4C60A5C1-C441-4BAB-A010-985958955EC3}.Release 2022|Any CPU.Build.0 = Release|Any CPU
		{4C60A5C1-C441-4BAB-A010-985958955EC3}.Release 2023|Any CPU.ActiveCfg = Release|Any CPU
		{4C60A5C1-C441-4BAB-A010-985958955EC3}.Release 2023|Any CPU.Build.0 = Release|Any CPU
		{4C60A5C1-C441-4BAB-A010-985958955EC3}.Release 2024|Any CPU.ActiveCfg = Release|Any CPU
		{4C60A5C1-C441-4BAB-A010-985958955EC3}.Release 2024|Any CPU.Build.0 = Release|Any CPU
		{CFD55BBC-B0DB-426A-9F52-9B3FA4B3B158}.Debug 2020|Any CPU.ActiveCfg = Debug|Any CPU
		{CFD55BBC-B0DB-426A-9F52-9B3FA4B3B158}.Debug 2021|Any CPU.ActiveCfg = Debug|Any CPU
		{CFD55BBC-B0DB-426A-9F52-9B3FA4B3B158}.Debug 2022|Any CPU.ActiveCfg = Debug|Any CPU
		{CFD55BBC-B0DB-426A-9F52-9B3FA4B3B158}.Debug 2023|Any CPU.ActiveCfg = Debug|Any CPU
		{CFD55BBC-B0DB-426A-9F52-9B3FA4B3B158}.Debug 2024|Any CPU.ActiveCfg = Debug|Any CPU
		{CFD55BBC-B0DB-426A-9F52-9B3FA4B3B158}.Release 2020|Any CPU.ActiveCfg = Release|Any CPU
		{CFD55BBC-B0DB-426A-9F52-9B3FA4B3B158}.Release 2021|Any CPU.ActiveCfg = Release|Any CPU
		{CFD55BBC-B0DB-426A-9F52-9B3FA4B3B158}.Release 2022|Any CPU.ActiveCfg = Release|Any CPU
		{CFD55BBC-B0DB-426A-9F52-9B3FA4B3B158}.Release 2023|Any CPU.ActiveCfg = Release|Any CPU
		{CFD55BBC-B0DB-426A-9F52-9B3FA4B3B158}.Release 2024|Any CPU.ActiveCfg = Release|Any CPU
	EndGlobalSection
	GlobalSection(SolutionProperties) = preSolution
		HideSolutionNode = FALSE
	EndGlobalSection
	GlobalSection(NestedProjects) = preSolution
		{DA54A91D-6004-4E1E-B5E3-B3119A55178B} = {2057FDA1-F425-4696-9A56-6B5DBC2BA6DE}
		{4C7C377F-9F88-4795-824A-6C4F719DE6EF} = {2057FDA1-F425-4696-9A56-6B5DBC2BA6DE}
		{88966926-2A7A-420C-A85E-06DF39D2C51F} = {432B4855-3FD5-4ACB-8A85-841350C93B8E}
		{A39F0A92-A7F6-474D-A829-FEEAC523A538} = {89E14ABD-C1AF-4E19-8E4B-5A54DC3FEAC5}
		{4C60A5C1-C441-4BAB-A010-985958955EC3} = {3F519B48-3BEE-494F-A873-D38741137899}
		{CFD55BBC-B0DB-426A-9F52-9B3FA4B3B158} = {3F519B48-3BEE-494F-A873-D38741137899}
	EndGlobalSection
	GlobalSection(ExtensibilityGlobals) = postSolution
		SolutionGuid = {5AB5B953-F76F-423C-9DEC-C4095BB68968}
	EndGlobalSection
EndGlobal
